
Microsoft Visual Studio Solution File, Format Version 12.00
# Visual Studio Version 16
VisualStudioVersion = 16.0.29806.167
MinimumVisualStudioVersion = 10.0.40219.1
Project("{8BC9CEB8-8B4A-11D0-8D11-00A0C91BC942}") = "Lecture01", "Lecture01\Program1.vcxproj", "{169B42A3-D044-471A-8FE0-40FED6E45CCA}"
EndProject
Project("{8BC9CEB8-8B4A-11D0-8D11-00A0C91BC942}") = "Lecture02", "Lecture02\Project1.vcxproj", "{C00D596E-8C1F-42BE-9951-BD197B8B5112}"
EndProject
Project("{8BC9CEB8-8B4A-11D0-8D11-00A0C91BC942}") = "Lecture03", "Lecture03\Lecture03.vcxproj", "{6594C272-7B02-4086-B823-26F3E15843BA}"
EndProject
Project("{8BC9CEB8-8B4A-11D0-8D11-00A0C91BC942}") = "Lecture04", "Lecture04\Lecture04.vcxproj", "{12AF20D0-BD60-4B8F-8D07-6A85BFC4A7C5}"
EndProject
Project("{8BC9CEB8-8B4A-11D0-8D11-00A0C91BC942}") = "Lecture05", "Lecture05\Lecture05.vcxproj", "{A249622E-8B87-4037-A09F-0701E22748B9}"
EndProject
Project("{8BC9CEB8-8B4A-11D0-8D11-00A0C91BC942}") = "Project", "Project\Project.vcxproj", "{641384C5-DA47-43F7-9EA5-4398277B80F8}"
EndProject
Global
	GlobalSection(SolutionConfigurationPlatforms) = preSolution
		Debug|Win32 = Debug|Win32
		Debug|x64 = Debug|x64
		Release|Win32 = Release|Win32
		Release|x64 = Release|x64
	EndGlobalSection
	GlobalSection(ProjectConfigurationPlatforms) = postSolution
		{169B42A3-D044-471A-8FE0-40FED6E45CCA}.Debug|Win32.ActiveCfg = Debug|Win32
		{169B42A3-D044-471A-8FE0-40FED6E45CCA}.Debug|Win32.Build.0 = Debug|Win32
		{169B42A3-D044-471A-8FE0-40FED6E45CCA}.Debug|x64.ActiveCfg = Debug|Win32
		{169B42A3-D044-471A-8FE0-40FED6E45CCA}.Release|Win32.ActiveCfg = Release|Win32
		{169B42A3-D044-471A-8FE0-40FED6E45CCA}.Release|Win32.Build.0 = Release|Win32
		{169B42A3-D044-471A-8FE0-40FED6E45CCA}.Release|x64.ActiveCfg = Release|Win32
		{C00D596E-8C1F-42BE-9951-BD197B8B5112}.Debug|Win32.ActiveCfg = Debug|Win32
		{C00D596E-8C1F-42BE-9951-BD197B8B5112}.Debug|Win32.Build.0 = Debug|Win32
		{C00D596E-8C1F-42BE-9951-BD197B8B5112}.Debug|x64.ActiveCfg = Debug|x64
		{C00D596E-8C1F-42BE-9951-BD197B8B5112}.Debug|x64.Build.0 = Debug|x64
		{C00D596E-8C1F-42BE-9951-BD197B8B5112}.Release|Win32.ActiveCfg = Release|Win32
		{C00D596E-8C1F-42BE-9951-BD197B8B5112}.Release|Win32.Build.0 = Release|Win32
		{C00D596E-8C1F-42BE-9951-BD197B8B5112}.Release|x64.ActiveCfg = Release|x64
		{C00D596E-8C1F-42BE-9951-BD197B8B5112}.Release|x64.Build.0 = Release|x64
		{6594C272-7B02-4086-B823-26F3E15843BA}.Debug|Win32.ActiveCfg = Debug|Win32
		{6594C272-7B02-4086-B823-26F3E15843BA}.Debug|Win32.Build.0 = Debug|Win32
		{6594C272-7B02-4086-B823-26F3E15843BA}.Debug|x64.ActiveCfg = Debug|x64
		{6594C272-7B02-4086-B823-26F3E15843BA}.Debug|x64.Build.0 = Debug|x64
		{6594C272-7B02-4086-B823-26F3E15843BA}.Release|Win32.ActiveCfg = Release|Win32
		{6594C272-7B02-4086-B823-26F3E15843BA}.Release|Win32.Build.0 = Release|Win32
		{6594C272-7B02-4086-B823-26F3E15843BA}.Release|x64.ActiveCfg = Release|x64
		{6594C272-7B02-4086-B823-26F3E15843BA}.Release|x64.Build.0 = Release|x64
		{12AF20D0-BD60-4B8F-8D07-6A85BFC4A7C5}.Debug|Win32.ActiveCfg = Debug|Win32
		{12AF20D0-BD60-4B8F-8D07-6A85BFC4A7C5}.Debug|Win32.Build.0 = Debug|Win32
		{12AF20D0-BD60-4B8F-8D07-6A85BFC4A7C5}.Debug|x64.ActiveCfg = Debug|x64
		{12AF20D0-BD60-4B8F-8D07-6A85BFC4A7C5}.Debug|x64.Build.0 = Debug|x64
		{12AF20D0-BD60-4B8F-8D07-6A85BFC4A7C5}.Release|Win32.ActiveCfg = Release|Win32
		{12AF20D0-BD60-4B8F-8D07-6A85BFC4A7C5}.Release|Win32.Build.0 = Release|Win32
		{12AF20D0-BD60-4B8F-8D07-6A85BFC4A7C5}.Release|x64.ActiveCfg = Release|x64
		{12AF20D0-BD60-4B8F-8D07-6A85BFC4A7C5}.Release|x64.Build.0 = Release|x64
		{A249622E-8B87-4037-A09F-0701E22748B9}.Debug|Win32.ActiveCfg = Debug|Win32
		{A249622E-8B87-4037-A09F-0701E22748B9}.Debug|Win32.Build.0 = Debug|Win32
		{A249622E-8B87-4037-A09F-0701E22748B9}.Debug|x64.ActiveCfg = Debug|x64
		{A249622E-8B87-4037-A09F-0701E22748B9}.Debug|x64.Build.0 = Debug|x64
		{A249622E-8B87-4037-A09F-0701E22748B9}.Release|Win32.ActiveCfg = Release|Win32
		{A249622E-8B87-4037-A09F-0701E22748B9}.Release|Win32.Build.0 = Release|Win32
		{A249622E-8B87-4037-A09F-0701E22748B9}.Release|x64.ActiveCfg = Release|x64
		{A249622E-8B87-4037-A09F-0701E22748B9}.Release|x64.Build.0 = Release|x64
		{641384C5-DA47-43F7-9EA5-4398277B80F8}.Debug|Win32.ActiveCfg = Debug|Win32
		{641384C5-DA47-43F7-9EA5-4398277B80F8}.Debug|Win32.Build.0 = Debug|Win32
		{641384C5-DA47-43F7-9EA5-4398277B80F8}.Debug|x64.ActiveCfg = Debug|x64
		{641384C5-DA47-43F7-9EA5-4398277B80F8}.Debug|x64.Build.0 = Debug|x64
		{641384C5-DA47-43F7-9EA5-4398277B80F8}.Release|Win32.ActiveCfg = Release|Win32
		{641384C5-DA47-43F7-9EA5-4398277B80F8}.Release|Win32.Build.0 = Release|Win32
		{641384C5-DA47-43F7-9EA5-4398277B80F8}.Release|x64.ActiveCfg = Release|x64
		{641384C5-DA47-43F7-9EA5-4398277B80F8}.Release|x64.Build.0 = Release|x64
	EndGlobalSection
	GlobalSection(SolutionProperties) = preSolution
		HideSolutionNode = FALSE
	EndGlobalSection
	GlobalSection(ExtensibilityGlobals) = postSolution
		SolutionGuid = {D4F0028F-73CF-4530-AADB-3E6BB4700BD6}
	EndGlobalSection
EndGlobal
