<?xml version="1.0" encoding="utf-8"?>
<Project ToolsVersion="4.0" xmlns="http://schemas.microsoft.com/developer/msbuild/2003">
  <ItemGroup>
    <ClCompile Include="glsl.cpp" />
    <ClCompile Include="main.cpp" />
    <ClCompile Include="objloader.cpp" />
  </ItemGroup>
  <ItemGroup>
    <ClInclude Include="glsl.h" />
    <ClInclude Include="objloader.h" />
  </ItemGroup>
  <ItemGroup>
    <None Include="fragmentshader.fsh" />
  </ItemGroup>
  <ItemGroup>
    <Text Include="vertexshader.vsh" />
  </ItemGroup>
</Project>